
Microsoft Visual Studio Solution File, Format Version 12.00
# Visual Studio Version 17
VisualStudioVersion = 17.11.35222.181
MinimumVisualStudioVersion = 10.0.40219.1
Project("{FAE04EC0-301F-11D3-BF4B-00C04F79EFBC}") = "JioMartScraping", "JioMartScraping\JioMartScraping.csproj", "{DCE2E101-DF0F-4759-8ACB-C270343CD6DA}"
EndProject
Global
	GlobalSection(SolutionConfigurationPlatforms) = preSolution
		Debug|Any CPU = Debug|Any CPU
		Release|Any CPU = Release|Any CPU
	EndGlobalSection
	GlobalSection(ProjectConfigurationPlatforms) = postSolution
		{DCE2E101-DF0F-4759-8ACB-C270343CD6DA}.Debug|Any CPU.ActiveCfg = Debug|Any CPU
		{DCE2E101-DF0F-4759-8ACB-C270343CD6DA}.Debug|Any CPU.Build.0 = Debug|Any CPU
		{DCE2E101-DF0F-4759-8ACB-C270343CD6DA}.Release|Any CPU.ActiveCfg = Release|Any CPU
		{DCE2E101-DF0F-4759-8ACB-C270343CD6DA}.Release|Any CPU.Build.0 = Release|Any CPU
	EndGlobalSection
	GlobalSection(SolutionProperties) = preSolution
		HideSolutionNode = FALSE
	EndGlobalSection
	GlobalSection(ExtensibilityGlobals) = postSolution
		SolutionGuid = {8E88575A-647A-4A08-A860-52078A55FCEF}
	EndGlobalSection
EndGlobal
