
Microsoft Visual Studio Solution File, Format Version 12.00
# Visual Studio Version 17
VisualStudioVersion = 17.11.35208.52
MinimumVisualStudioVersion = 10.0.40219.1
Project("{E24C65DC-7377-472B-9ABA-BC803B73C61A}") = "CWM", "CWM\", "{A181166E-DCC2-4664-A63F-17C488B55678}"
	ProjectSection(WebsiteProperties) = preProject
		TargetFrameworkMoniker = ".NETFramework,Version%3Dv4.7.2"
		Debug.AspNetCompiler.VirtualPath = "/localhost_55942"
		Debug.AspNetCompiler.PhysicalPath = "CWM\"
		Debug.AspNetCompiler.TargetPath = "PrecompiledWeb\localhost_55942\"
		Debug.AspNetCompiler.Updateable = "true"
		Debug.AspNetCompiler.ForceOverwrite = "true"
		Debug.AspNetCompiler.FixedNames = "false"
		Debug.AspNetCompiler.Debug = "True"
		Release.AspNetCompiler.VirtualPath = "/localhost_55942"
		Release.AspNetCompiler.PhysicalPath = "CWM\"
		Release.AspNetCompiler.TargetPath = "PrecompiledWeb\localhost_55942\"
		Release.AspNetCompiler.Updateable = "true"
		Release.AspNetCompiler.ForceOverwrite = "true"
		Release.AspNetCompiler.FixedNames = "false"
		Release.AspNetCompiler.Debug = "False"
		VWDPort = "55942"
		SlnRelativePath = "CWM\"
		DefaultWebSiteLanguage = "Visual C#"
	EndProjectSection
EndProject
Global
	GlobalSection(SolutionConfigurationPlatforms) = preSolution
		Debug|Any CPU = Debug|Any CPU
	EndGlobalSection
	GlobalSection(ProjectConfigurationPlatforms) = postSolution
		{A181166E-DCC2-4664-A63F-17C488B55678}.Debug|Any CPU.ActiveCfg = Debug|Any CPU
		{A181166E-DCC2-4664-A63F-17C488B55678}.Debug|Any CPU.Build.0 = Debug|Any CPU
	EndGlobalSection
	GlobalSection(SolutionProperties) = preSolution
		HideSolutionNode = FALSE
	EndGlobalSection
	GlobalSection(ExtensibilityGlobals) = postSolution
		SolutionGuid = {82873AA0-CE99-4D8A-B9F8-A19E591F2AEA}
	EndGlobalSection
EndGlobal
